// !$*UTF8*$!
{
	archiveVersion = 1;
	classes = {
	};
	objectVersion = 46;
	objects = {

/* Begin PBXBuildFile section */
		B027ADE11AC77C170097024C /* ButtonSubject.swift in Sources */ = {isa = PBXBuildFile; fileRef = B027ADE01AC77C170097024C /* ButtonSubject.swift */; };
		B027ADE31AC786430097024C /* NoteViewController.swift in Sources */ = {isa = PBXBuildFile; fileRef = B027ADE21AC786430097024C /* NoteViewController.swift */; };
		B034B0A91AB72BFC001F779F /* Assignment.swift in Sources */ = {isa = PBXBuildFile; fileRef = B034B0A81AB72BFC001F779F /* Assignment.swift */; };
		B06CE6151AC04F0100DC7E2B /* AssignmentCell.swift in Sources */ = {isa = PBXBuildFile; fileRef = B06CE6141AC04F0100DC7E2B /* AssignmentCell.swift */; };
		B06CE6171AC05E3400DC7E2B /* AssignmentDetailTableController.swift in Sources */ = {isa = PBXBuildFile; fileRef = B06CE6161AC05E3400DC7E2B /* AssignmentDetailTableController.swift */; };
		B06CE61A1AC09C7200DC7E2B /* Main.storyboard in Resources */ = {isa = PBXBuildFile; fileRef = B06CE6181AC09C7200DC7E2B /* Main.storyboard */; };
		B07700081AB72620002A0649 /* AssignmentTableViewController.swift in Sources */ = {isa = PBXBuildFile; fileRef = B07700071AB72620002A0649 /* AssignmentTableViewController.swift */; };
		B0832DBB1AB1CA7D0030AB49 /* AppDelegate.swift in Sources */ = {isa = PBXBuildFile; fileRef = B0832DBA1AB1CA7D0030AB49 /* AppDelegate.swift */; };
		B0832DBE1AB1CA7D0030AB49 /* BLSAgenda.xcdatamodeld in Sources */ = {isa = PBXBuildFile; fileRef = B0832DBC1AB1CA7D0030AB49 /* BLSAgenda.xcdatamodeld */; };
		B0832DC01AB1CA7D0030AB49 /* ClassesViewController.swift in Sources */ = {isa = PBXBuildFile; fileRef = B0832DBF1AB1CA7D0030AB49 /* ClassesViewController.swift */; };
		B0832DC51AB1CA7D0030AB49 /* Images.xcassets in Resources */ = {isa = PBXBuildFile; fileRef = B0832DC41AB1CA7D0030AB49 /* Images.xcassets */; };
		B0832DC81AB1CA7D0030AB49 /* LaunchScreen.xib in Resources */ = {isa = PBXBuildFile; fileRef = B0832DC61AB1CA7D0030AB49 /* LaunchScreen.xib */; };
		B0832DD41AB1CA7D0030AB49 /* BLSAgendaTests.swift in Sources */ = {isa = PBXBuildFile; fileRef = B0832DD31AB1CA7D0030AB49 /* BLSAgendaTests.swift */; };
/* End PBXBuildFile section */

/* Begin PBXContainerItemProxy section */
		B0832DCE1AB1CA7D0030AB49 /* PBXContainerItemProxy */ = {
			isa = PBXContainerItemProxy;
			containerPortal = B0832DAD1AB1CA7D0030AB49 /* Project object */;
			proxyType = 1;
			remoteGlobalIDString = B0832DB41AB1CA7D0030AB49;
			remoteInfo = BLSAgenda;
		};
/* End PBXContainerItemProxy section */

/* Begin PBXFileReference section */
		B027ADE01AC77C170097024C /* ButtonSubject.swift */ = {isa = PBXFileReference; fileEncoding = 4; lastKnownFileType = sourcecode.swift; path = ButtonSubject.swift; sourceTree = "<group>"; };
		B027ADE21AC786430097024C /* NoteViewController.swift */ = {isa = PBXFileReference; fileEncoding = 4; lastKnownFileType = sourcecode.swift; path = NoteViewController.swift; sourceTree = "<group>"; };
		B034B0A81AB72BFC001F779F /* Assignment.swift */ = {isa = PBXFileReference; fileEncoding = 4; lastKnownFileType = sourcecode.swift; path = Assignment.swift; sourceTree = "<group>"; };
		B06CE6141AC04F0100DC7E2B /* AssignmentCell.swift */ = {isa = PBXFileReference; fileEncoding = 4; lastKnownFileType = sourcecode.swift; path = AssignmentCell.swift; sourceTree = "<group>"; };
		B06CE6161AC05E3400DC7E2B /* AssignmentDetailTableController.swift */ = {isa = PBXFileReference; fileEncoding = 4; lastKnownFileType = sourcecode.swift; path = AssignmentDetailTableController.swift; sourceTree = "<group>"; };
		B06CE6191AC09C7200DC7E2B /* Base */ = {isa = PBXFileReference; lastKnownFileType = file.storyboard; name = Base; path = Base.lproj/Main.storyboard; sourceTree = "<group>"; };
		B07700071AB72620002A0649 /* AssignmentTableViewController.swift */ = {isa = PBXFileReference; fileEncoding = 4; lastKnownFileType = sourcecode.swift; path = AssignmentTableViewController.swift; sourceTree = "<group>"; };
		B0832DB51AB1CA7D0030AB49 /* BLSAgenda.app */ = {isa = PBXFileReference; explicitFileType = wrapper.application; includeInIndex = 0; path = BLSAgenda.app; sourceTree = BUILT_PRODUCTS_DIR; };
		B0832DB91AB1CA7D0030AB49 /* Info.plist */ = {isa = PBXFileReference; lastKnownFileType = text.plist.xml; path = Info.plist; sourceTree = "<group>"; };
		B0832DBA1AB1CA7D0030AB49 /* AppDelegate.swift */ = {isa = PBXFileReference; lastKnownFileType = sourcecode.swift; path = AppDelegate.swift; sourceTree = "<group>"; };
		B0832DBD1AB1CA7D0030AB49 /* BLSAgenda.xcdatamodel */ = {isa = PBXFileReference; lastKnownFileType = wrapper.xcdatamodel; path = BLSAgenda.xcdatamodel; sourceTree = "<group>"; };
		B0832DBF1AB1CA7D0030AB49 /* ClassesViewController.swift */ = {isa = PBXFileReference; lastKnownFileType = sourcecode.swift; path = ClassesViewController.swift; sourceTree = "<group>"; };
		B0832DC41AB1CA7D0030AB49 /* Images.xcassets */ = {isa = PBXFileReference; lastKnownFileType = folder.assetcatalog; path = Images.xcassets; sourceTree = "<group>"; };
		B0832DC71AB1CA7D0030AB49 /* Base */ = {isa = PBXFileReference; lastKnownFileType = file.xib; name = Base; path = Base.lproj/LaunchScreen.xib; sourceTree = "<group>"; };
		B0832DCD1AB1CA7D0030AB49 /* BLSAgendaTests.xctest */ = {isa = PBXFileReference; explicitFileType = wrapper.cfbundle; includeInIndex = 0; path = BLSAgendaTests.xctest; sourceTree = BUILT_PRODUCTS_DIR; };
		B0832DD21AB1CA7D0030AB49 /* Info.plist */ = {isa = PBXFileReference; lastKnownFileType = text.plist.xml; path = Info.plist; sourceTree = "<group>"; };
		B0832DD31AB1CA7D0030AB49 /* BLSAgendaTests.swift */ = {isa = PBXFileReference; lastKnownFileType = sourcecode.swift; path = BLSAgendaTests.swift; sourceTree = "<group>"; };
/* End PBXFileReference section */

/* Begin PBXFrameworksBuildPhase section */
		B0832DB21AB1CA7D0030AB49 /* Frameworks */ = {
			isa = PBXFrameworksBuildPhase;
			buildActionMask = 2147483647;
			files = (
			);
			runOnlyForDeploymentPostprocessing = 0;
		};
		B0832DCA1AB1CA7D0030AB49 /* Frameworks */ = {
			isa = PBXFrameworksBuildPhase;
			buildActionMask = 2147483647;
			files = (
			);
			runOnlyForDeploymentPostprocessing = 0;
		};
/* End PBXFrameworksBuildPhase section */

/* Begin PBXGroup section */
		B07700091AB7262B002A0649 /* src */ = {
			isa = PBXGroup;
			children = (
				B034B0A81AB72BFC001F779F /* Assignment.swift */,
				B07700071AB72620002A0649 /* AssignmentTableViewController.swift */,
				B0832DBF1AB1CA7D0030AB49 /* ClassesViewController.swift */,
				B06CE6141AC04F0100DC7E2B /* AssignmentCell.swift */,
				B06CE6161AC05E3400DC7E2B /* AssignmentDetailTableController.swift */,
				B027ADE01AC77C170097024C /* ButtonSubject.swift */,
				B027ADE21AC786430097024C /* NoteViewController.swift */,
			);
			name = src;
			sourceTree = "<group>";
		};
		B0832DAC1AB1CA7D0030AB49 = {
			isa = PBXGroup;
			children = (
				B0832DB71AB1CA7D0030AB49 /* BLSAgenda */,
				B0832DD01AB1CA7D0030AB49 /* BLSAgendaTests */,
				B0832DB61AB1CA7D0030AB49 /* Products */,
			);
			sourceTree = "<group>";
		};
		B0832DB61AB1CA7D0030AB49 /* Products */ = {
			isa = PBXGroup;
			children = (
				B0832DB51AB1CA7D0030AB49 /* BLSAgenda.app */,
				B0832DCD1AB1CA7D0030AB49 /* BLSAgendaTests.xctest */,
			);
			name = Products;
			sourceTree = "<group>";
		};
		B0832DB71AB1CA7D0030AB49 /* BLSAgenda */ = {
			isa = PBXGroup;
			children = (
				B07700091AB7262B002A0649 /* src */,
				B0832DBA1AB1CA7D0030AB49 /* AppDelegate.swift */,
				B06CE6181AC09C7200DC7E2B /* Main.storyboard */,
				B0832DC61AB1CA7D0030AB49 /* LaunchScreen.xib */,
				B0832DC41AB1CA7D0030AB49 /* Images.xcassets */,
				B0832DBC1AB1CA7D0030AB49 /* BLSAgenda.xcdatamodeld */,
				B0832DB81AB1CA7D0030AB49 /* Supporting Files */,
			);
			path = BLSAgenda;
			sourceTree = "<group>";
		};
		B0832DB81AB1CA7D0030AB49 /* Supporting Files */ = {
			isa = PBXGroup;
			children = (
				B0832DB91AB1CA7D0030AB49 /* Info.plist */,
			);
			name = "Supporting Files";
			sourceTree = "<group>";
		};
		B0832DD01AB1CA7D0030AB49 /* BLSAgendaTests */ = {
			isa = PBXGroup;
			children = (
				B0832DD31AB1CA7D0030AB49 /* BLSAgendaTests.swift */,
				B0832DD11AB1CA7D0030AB49 /* Supporting Files */,
			);
			path = BLSAgendaTests;
			sourceTree = "<group>";
		};
		B0832DD11AB1CA7D0030AB49 /* Supporting Files */ = {
			isa = PBXGroup;
			children = (
				B0832DD21AB1CA7D0030AB49 /* Info.plist */,
			);
			name = "Supporting Files";
			sourceTree = "<group>";
		};
/* End PBXGroup section */

/* Begin PBXNativeTarget section */
		B0832DB41AB1CA7D0030AB49 /* BLSAgenda */ = {
			isa = PBXNativeTarget;
			buildConfigurationList = B0832DD71AB1CA7D0030AB49 /* Build configuration list for PBXNativeTarget "BLSAgenda" */;
			buildPhases = (
				B0832DB11AB1CA7D0030AB49 /* Sources */,
				B0832DB21AB1CA7D0030AB49 /* Frameworks */,
				B0832DB31AB1CA7D0030AB49 /* Resources */,
			);
			buildRules = (
			);
			dependencies = (
			);
			name = BLSAgenda;
			productName = BLSAgenda;
			productReference = B0832DB51AB1CA7D0030AB49 /* BLSAgenda.app */;
			productType = "com.apple.product-type.application";
		};
		B0832DCC1AB1CA7D0030AB49 /* BLSAgendaTests */ = {
			isa = PBXNativeTarget;
			buildConfigurationList = B0832DDA1AB1CA7D0030AB49 /* Build configuration list for PBXNativeTarget "BLSAgendaTests" */;
			buildPhases = (
				B0832DC91AB1CA7D0030AB49 /* Sources */,
				B0832DCA1AB1CA7D0030AB49 /* Frameworks */,
				B0832DCB1AB1CA7D0030AB49 /* Resources */,
			);
			buildRules = (
			);
			dependencies = (
				B0832DCF1AB1CA7D0030AB49 /* PBXTargetDependency */,
			);
			name = BLSAgendaTests;
			productName = BLSAgendaTests;
			productReference = B0832DCD1AB1CA7D0030AB49 /* BLSAgendaTests.xctest */;
			productType = "com.apple.product-type.bundle.unit-test";
		};
/* End PBXNativeTarget section */

/* Begin PBXProject section */
		B0832DAD1AB1CA7D0030AB49 /* Project object */ = {
			isa = PBXProject;
			attributes = {
				LastUpgradeCheck = 0610;
				ORGANIZATIONNAME = "Gene Grinberg";
				TargetAttributes = {
					B0832DB41AB1CA7D0030AB49 = {
						CreatedOnToolsVersion = 6.1.1;
					};
					B0832DCC1AB1CA7D0030AB49 = {
						CreatedOnToolsVersion = 6.1.1;
						TestTargetID = B0832DB41AB1CA7D0030AB49;
					};
				};
			};
			buildConfigurationList = B0832DB01AB1CA7D0030AB49 /* Build configuration list for PBXProject "BLSAgenda" */;
			compatibilityVersion = "Xcode 3.2";
			developmentRegion = English;
			hasScannedForEncodings = 0;
			knownRegions = (
				en,
				Base,
			);
			mainGroup = B0832DAC1AB1CA7D0030AB49;
			productRefGroup = B0832DB61AB1CA7D0030AB49 /* Products */;
			projectDirPath = "";
			projectRoot = "";
			targets = (
				B0832DB41AB1CA7D0030AB49 /* BLSAgenda */,
				B0832DCC1AB1CA7D0030AB49 /* BLSAgendaTests */,
			);
		};
/* End PBXProject section */

/* Begin PBXResourcesBuildPhase section */
		B0832DB31AB1CA7D0030AB49 /* Resources */ = {
			isa = PBXResourcesBuildPhase;
			buildActionMask = 2147483647;
			files = (
				B06CE61A1AC09C7200DC7E2B /* Main.storyboard in Resources */,
				B0832DC81AB1CA7D0030AB49 /* LaunchScreen.xib in Resources */,
				B0832DC51AB1CA7D0030AB49 /* Images.xcassets in Resources */,
			);
			runOnlyForDeploymentPostprocessing = 0;
		};
		B0832DCB1AB1CA7D0030AB49 /* Resources */ = {
			isa = PBXResourcesBuildPhase;
			buildActionMask = 2147483647;
			files = (
			);
			runOnlyForDeploymentPostprocessing = 0;
		};
/* End PBXResourcesBuildPhase section */

/* Begin PBXSourcesBuildPhase section */
		B0832DB11AB1CA7D0030AB49 /* Sources */ = {
			isa = PBXSourcesBuildPhase;
			buildActionMask = 2147483647;
			files = (
				B06CE6151AC04F0100DC7E2B /* AssignmentCell.swift in Sources */,
				B0832DC01AB1CA7D0030AB49 /* ClassesViewController.swift in Sources */,
				B027ADE11AC77C170097024C /* ButtonSubject.swift in Sources */,
				B0832DBB1AB1CA7D0030AB49 /* AppDelegate.swift in Sources */,
				B027ADE31AC786430097024C /* NoteViewController.swift in Sources */,
				B07700081AB72620002A0649 /* AssignmentTableViewController.swift in Sources */,
				B034B0A91AB72BFC001F779F /* Assignment.swift in Sources */,
				B0832DBE1AB1CA7D0030AB49 /* BLSAgenda.xcdatamodeld in Sources */,
				B06CE6171AC05E3400DC7E2B /* AssignmentDetailTableController.swift in Sources */,
			);
			runOnlyForDeploymentPostprocessing = 0;
		};
		B0832DC91AB1CA7D0030AB49 /* Sources */ = {
			isa = PBXSourcesBuildPhase;
			buildActionMask = 2147483647;
			files = (
				B0832DD41AB1CA7D0030AB49 /* BLSAgendaTests.swift in Sources */,
			);
			runOnlyForDeploymentPostprocessing = 0;
		};
/* End PBXSourcesBuildPhase section */

/* Begin PBXTargetDependency section */
		B0832DCF1AB1CA7D0030AB49 /* PBXTargetDependency */ = {
			isa = PBXTargetDependency;
			target = B0832DB41AB1CA7D0030AB49 /* BLSAgenda */;
			targetProxy = B0832DCE1AB1CA7D0030AB49 /* PBXContainerItemProxy */;
		};
/* End PBXTargetDependency section */

/* Begin PBXVariantGroup section */
		B06CE6181AC09C7200DC7E2B /* Main.storyboard */ = {
			isa = PBXVariantGroup;
			children = (
				B06CE6191AC09C7200DC7E2B /* Base */,
			);
			name = Main.storyboard;
			sourceTree = "<group>";
		};
		B0832DC61AB1CA7D0030AB49 /* LaunchScreen.xib */ = {
			isa = PBXVariantGroup;
			children = (
				B0832DC71AB1CA7D0030AB49 /* Base */,
			);
			name = LaunchScreen.xib;
			sourceTree = "<group>";
		};
/* End PBXVariantGroup section */

/* Begin XCBuildConfiguration section */
		B0832DD51AB1CA7D0030AB49 /* Debug */ = {
			isa = XCBuildConfiguration;
			buildSettings = {
				ALWAYS_SEARCH_USER_PATHS = NO;
				CLANG_CXX_LANGUAGE_STANDARD = "gnu++0x";
				CLANG_CXX_LIBRARY = "libc++";
				CLANG_ENABLE_MODULES = YES;
				CLANG_ENABLE_OBJC_ARC = YES;
				CLANG_WARN_BOOL_CONVERSION = YES;
				CLANG_WARN_CONSTANT_CONVERSION = YES;
				CLANG_WARN_DIRECT_OBJC_ISA_USAGE = YES_ERROR;
				CLANG_WARN_EMPTY_BODY = YES;
				CLANG_WARN_ENUM_CONVERSION = YES;
				CLANG_WARN_INT_CONVERSION = YES;
				CLANG_WARN_OBJC_ROOT_CLASS = YES_ERROR;
				CLANG_WARN_UNREACHABLE_CODE = YES;
				CLANG_WARN__DUPLICATE_METHOD_MATCH = YES;
				"CODE_SIGN_IDENTITY[sdk=iphoneos*]" = "iPhone Developer";
				COPY_PHASE_STRIP = NO;
				ENABLE_STRICT_OBJC_MSGSEND = YES;
				GCC_C_LANGUAGE_STANDARD = gnu99;
				GCC_DYNAMIC_NO_PIC = NO;
				GCC_OPTIMIZATION_LEVEL = 0;
				GCC_PREPROCESSOR_DEFINITIONS = (
					"DEBUG=1",
					"$(inherited)",
				);
				GCC_SYMBOLS_PRIVATE_EXTERN = NO;
				GCC_WARN_64_TO_32_BIT_CONVERSION = YES;
				GCC_WARN_ABOUT_RETURN_TYPE = YES_ERROR;
				GCC_WARN_UNDECLARED_SELECTOR = YES;
				GCC_WARN_UNINITIALIZED_AUTOS = YES_AGGRESSIVE;
				GCC_WARN_UNUSED_FUNCTION = YES;
				GCC_WARN_UNUSED_VARIABLE = YES;
				IPHONEOS_DEPLOYMENT_TARGET = 8.1;
				MTL_ENABLE_DEBUG_INFO = YES;
				ONLY_ACTIVE_ARCH = YES;
				SDKROOT = iphoneos;
				SWIFT_OPTIMIZATION_LEVEL = "-Onone";
			};
			name = Debug;
		};
		B0832DD61AB1CA7D0030AB49 /* Release */ = {
			isa = XCBuildConfiguration;
			buildSettings = {
				ALWAYS_SEARCH_USER_PATHS = NO;
				CLANG_CXX_LANGUAGE_STANDARD = "gnu++0x";
				CLANG_CXX_LIBRARY = "libc++";
				CLANG_ENABLE_MODULES = YES;
				CLANG_ENABLE_OBJC_ARC = YES;
				CLANG_WARN_BOOL_CONVERSION = YES;
				CLANG_WARN_CONSTANT_CONVERSION = YES;
				CLANG_WARN_DIRECT_OBJC_ISA_USAGE = YES_ERROR;
				CLANG_WARN_EMPTY_BODY = YES;
				CLANG_WARN_ENUM_CONVERSION = YES;
				CLANG_WARN_INT_CONVERSION = YES;
				CLANG_WARN_OBJC_ROOT_CLASS = YES_ERROR;
				CLANG_WARN_UNREACHABLE_CODE = YES;
				CLANG_WARN__DUPLICATE_METHOD_MATCH = YES;
				"CODE_SIGN_IDENTITY[sdk=iphoneos*]" = "iPhone Developer";
				COPY_PHASE_STRIP = YES;
				ENABLE_NS_ASSERTIONS = NO;
				ENABLE_STRICT_OBJC_MSGSEND = YES;
				GCC_C_LANGUAGE_STANDARD = gnu99;
				GCC_WARN_64_TO_32_BIT_CONVERSION = YES;
				GCC_WARN_ABOUT_RETURN_TYPE = YES_ERROR;
				GCC_WARN_UNDECLARED_SELECTOR = YES;
				GCC_WARN_UNINITIALIZED_AUTOS = YES_AGGRESSIVE;
				GCC_WARN_UNUSED_FUNCTION = YES;
				GCC_WARN_UNUSED_VARIABLE = YES;
				IPHONEOS_DEPLOYMENT_TARGET = 8.1;
				MTL_ENABLE_DEBUG_INFO = NO;
				SDKROOT = iphoneos;
				VALIDATE_PRODUCT = YES;
			};
			name = Release;
		};
		B0832DD81AB1CA7D0030AB49 /* Debug */ = {
			isa = XCBuildConfiguration;
			buildSettings = {
				ASSETCATALOG_COMPILER_APPICON_NAME = AppIcon;
				INFOPLIST_FILE = BLSAgenda/Info.plist;
				LD_RUNPATH_SEARCH_PATHS = "$(inherited) @executable_path/Frameworks";
				PRODUCT_NAME = "$(TARGET_NAME)";
			};
			name = Debug;
		};
		B0832DD91AB1CA7D0030AB49 /* Release */ = {
			isa = XCBuildConfiguration;
			buildSettings = {
				ASSETCATALOG_COMPILER_APPICON_NAME = AppIcon;
				INFOPLIST_FILE = BLSAgenda/Info.plist;
				LD_RUNPATH_SEARCH_PATHS = "$(inherited) @executable_path/Frameworks";
				PRODUCT_NAME = "$(TARGET_NAME)";
			};
			name = Release;
		};
		B0832DDB1AB1CA7D0030AB49 /* Debug */ = {
			isa = XCBuildConfiguration;
			buildSettings = {
				BUNDLE_LOADER = "$(TEST_HOST)";
				FRAMEWORK_SEARCH_PATHS = (
					"$(SDKROOT)/Developer/Library/Frameworks",
					"$(inherited)",
				);
				GCC_PREPROCESSOR_DEFINITIONS = (
					"DEBUG=1",
					"$(inherited)",
				);
				INFOPLIST_FILE = BLSAgendaTests/Info.plist;
				LD_RUNPATH_SEARCH_PATHS = "$(inherited) @executable_path/Frameworks @loader_path/Frameworks";
				PRODUCT_NAME = "$(TARGET_NAME)";
				TEST_HOST = "$(BUILT_PRODUCTS_DIR)/BLSAgenda.app/BLSAgenda";
			};
			name = Debug;
		};
		B0832DDC1AB1CA7D0030AB49 /* Release */ = {
			isa = XCBuildConfiguration;
			buildSettings = {
				BUNDLE_LOADER = "$(TEST_HOST)";
				FRAMEWORK_SEARCH_PATHS = (
					"$(SDKROOT)/Developer/Library/Frameworks",
					"$(inherited)",
				);
				INFOPLIST_FILE = BLSAgendaTests/Info.plist;
				LD_RUNPATH_SEARCH_PATHS = "$(inherited) @executable_path/Frameworks @loader_path/Frameworks";
				PRODUCT_NAME = "$(TARGET_NAME)";
				TEST_HOST = "$(BUILT_PRODUCTS_DIR)/BLSAgenda.app/BLSAgenda";
			};
			name = Release;
		};
/* End XCBuildConfiguration section */

/* Begin XCConfigurationList section */
		B0832DB01AB1CA7D0030AB49 /* Build configuration list for PBXProject "BLSAgenda" */ = {
			isa = XCConfigurationList;
			buildConfigurations = (
				B0832DD51AB1CA7D0030AB49 /* Debug */,
				B0832DD61AB1CA7D0030AB49 /* Release */,
			);
			defaultConfigurationIsVisible = 0;
			defaultConfigurationName = Release;
		};
		B0832DD71AB1CA7D0030AB49 /* Build configuration list for PBXNativeTarget "BLSAgenda" */ = {
			isa = XCConfigurationList;
			buildConfigurations = (
				B0832DD81AB1CA7D0030AB49 /* Debug */,
				B0832DD91AB1CA7D0030AB49 /* Release */,
			);
			defaultConfigurationIsVisible = 0;
			defaultConfigurationName = Release;
		};
		B0832DDA1AB1CA7D0030AB49 /* Build configuration list for PBXNativeTarget "BLSAgendaTests" */ = {
			isa = XCConfigurationList;
			buildConfigurations = (
				B0832DDB1AB1CA7D0030AB49 /* Debug */,
				B0832DDC1AB1CA7D0030AB49 /* Release */,
			);
			defaultConfigurationIsVisible = 0;
			defaultConfigurationName = Release;
		};
/* End XCConfigurationList section */

/* Begin XCVersionGroup section */
		B0832DBC1AB1CA7D0030AB49 /* BLSAgenda.xcdatamodeld */ = {
			isa = XCVersionGroup;
			children = (
				B0832DBD1AB1CA7D0030AB49 /* BLSAgenda.xcdatamodel */,
			);
			currentVersion = B0832DBD1AB1CA7D0030AB49 /* BLSAgenda.xcdatamodel */;
			path = BLSAgenda.xcdatamodeld;
			sourceTree = "<group>";
			versionGroupType = wrapper.xcdatamodel;
		};
/* End XCVersionGroup section */
	};
	rootObject = B0832DAD1AB1CA7D0030AB49 /* Project object */;
}
